
Microsoft Visual Studio Solution File, Format Version 12.00
# Visual Studio 15
VisualStudioVersion = 15.0.28010.2041
MinimumVisualStudioVersion = 10.0.40219.1
Project("{FAE04EC0-301F-11D3-BF4B-00C04F79EFBC}") = "CMS.Web", "CMS.Web\CMS.Web.csproj", "{47DB7540-22CD-4DFB-98A6-ED46835F7C4C}"
EndProject
Project("{2150E333-8FDC-42A3-9474-1A3956D46DE8}") = "UI", "UI", "{58524097-F379-4C20-BA8A-26F4020EB339}"
EndProject
Project("{2150E333-8FDC-42A3-9474-1A3956D46DE8}") = "DAL", "DAL", "{FB6B772A-831D-4123-9FA3-76C26499656C}"
EndProject
Project("{2150E333-8FDC-42A3-9474-1A3956D46DE8}") = "Domain", "Domain", "{BE92BBF3-6CD0-44E8-9B66-4E990C34C8BE}"
EndProject
Project("{FAE04EC0-301F-11D3-BF4B-00C04F79EFBC}") = "CMS.Domain", "CMS.Domain\CMS.Domain.csproj", "{943FC848-B831-41FF-B920-87532EA6EE80}"
EndProject
Project("{FAE04EC0-301F-11D3-BF4B-00C04F79EFBC}") = "CMS.DAL", "CMS.DAL\CMS.DAL.csproj", "{6802480E-EF99-4F5D-825F-E705DAFB63AB}"
EndProject
Project("{2150E333-8FDC-42A3-9474-1A3956D46DE8}") = "BLL", "BLL", "{5939EA3C-A03B-46E0-8554-2BE22E377178}"
EndProject
Project("{FAE04EC0-301F-11D3-BF4B-00C04F79EFBC}") = "CMS.BLL", "CMS.BLL\CMS.BLL.csproj", "{FEF68133-AF16-4624-9CDB-AC373EAF88A8}"
EndProject
Global
	GlobalSection(SolutionConfigurationPlatforms) = preSolution
		Debug|Any CPU = Debug|Any CPU
		Release|Any CPU = Release|Any CPU
	EndGlobalSection
	GlobalSection(ProjectConfigurationPlatforms) = postSolution
		{47DB7540-22CD-4DFB-98A6-ED46835F7C4C}.Debug|Any CPU.ActiveCfg = Debug|Any CPU
		{47DB7540-22CD-4DFB-98A6-ED46835F7C4C}.Debug|Any CPU.Build.0 = Debug|Any CPU
		{47DB7540-22CD-4DFB-98A6-ED46835F7C4C}.Release|Any CPU.ActiveCfg = Release|Any CPU
		{47DB7540-22CD-4DFB-98A6-ED46835F7C4C}.Release|Any CPU.Build.0 = Release|Any CPU
		{943FC848-B831-41FF-B920-87532EA6EE80}.Debug|Any CPU.ActiveCfg = Debug|Any CPU
		{943FC848-B831-41FF-B920-87532EA6EE80}.Debug|Any CPU.Build.0 = Debug|Any CPU
		{943FC848-B831-41FF-B920-87532EA6EE80}.Release|Any CPU.ActiveCfg = Release|Any CPU
		{943FC848-B831-41FF-B920-87532EA6EE80}.Release|Any CPU.Build.0 = Release|Any CPU
		{6802480E-EF99-4F5D-825F-E705DAFB63AB}.Debug|Any CPU.ActiveCfg = Debug|Any CPU
		{6802480E-EF99-4F5D-825F-E705DAFB63AB}.Debug|Any CPU.Build.0 = Debug|Any CPU
		{6802480E-EF99-4F5D-825F-E705DAFB63AB}.Release|Any CPU.ActiveCfg = Release|Any CPU
		{6802480E-EF99-4F5D-825F-E705DAFB63AB}.Release|Any CPU.Build.0 = Release|Any CPU
		{FEF68133-AF16-4624-9CDB-AC373EAF88A8}.Debug|Any CPU.ActiveCfg = Debug|Any CPU
		{FEF68133-AF16-4624-9CDB-AC373EAF88A8}.Debug|Any CPU.Build.0 = Debug|Any CPU
		{FEF68133-AF16-4624-9CDB-AC373EAF88A8}.Release|Any CPU.ActiveCfg = Release|Any CPU
		{FEF68133-AF16-4624-9CDB-AC373EAF88A8}.Release|Any CPU.Build.0 = Release|Any CPU
	EndGlobalSection
	GlobalSection(SolutionProperties) = preSolution
		HideSolutionNode = FALSE
	EndGlobalSection
	GlobalSection(NestedProjects) = preSolution
		{47DB7540-22CD-4DFB-98A6-ED46835F7C4C} = {58524097-F379-4C20-BA8A-26F4020EB339}
		{943FC848-B831-41FF-B920-87532EA6EE80} = {BE92BBF3-6CD0-44E8-9B66-4E990C34C8BE}
		{6802480E-EF99-4F5D-825F-E705DAFB63AB} = {FB6B772A-831D-4123-9FA3-76C26499656C}
		{FEF68133-AF16-4624-9CDB-AC373EAF88A8} = {5939EA3C-A03B-46E0-8554-2BE22E377178}
	EndGlobalSection
	GlobalSection(ExtensibilityGlobals) = postSolution
		SolutionGuid = {BF410E31-F762-4972-866D-9D61B704177E}
	EndGlobalSection
EndGlobal
